// !$*UTF8*$!
{
	archiveVersion = 1;
	classes = {
	};
	objectVersion = 55;
	objects = {

/* Begin PBXBuildFile section */
		BB06165D27B7E77A0088AFFE /* DomainError.swift in Sources */ = {isa = PBXBuildFile; fileRef = BB06165C27B7E77A0088AFFE /* DomainError.swift */; };
		BB06165F27B7E99E0088AFFE /* HttpError.swift in Sources */ = {isa = PBXBuildFile; fileRef = BB06165E27B7E99E0088AFFE /* HttpError.swift */; };
		BB06166227B800830088AFFE /* ExtensionHelper.swift in Sources */ = {isa = PBXBuildFile; fileRef = BB06166127B800830088AFFE /* ExtensionHelper.swift */; };
		BB260E9127B7135300A089F2 /* AddAccount.swift in Sources */ = {isa = PBXBuildFile; fileRef = BB260E9027B7135300A089F2 /* AddAccount.swift */; };
		BB260E9327B714F300A089F2 /* AccountModel.swift in Sources */ = {isa = PBXBuildFile; fileRef = BB260E9227B714F300A089F2 /* AccountModel.swift */; };
		BB260EA127B7159600A089F2 /* Data.framework in Frameworks */ = {isa = PBXBuildFile; fileRef = BB260E9927B7159600A089F2 /* Data.framework */; };
		BB260EA627B7159600A089F2 /* RemoteAddAccountTests.swift in Sources */ = {isa = PBXBuildFile; fileRef = BB260EA527B7159600A089F2 /* RemoteAddAccountTests.swift */; };
		BB260EAF27B715FC00A089F2 /* Domain.framework in Frameworks */ = {isa = PBXBuildFile; fileRef = BB260E8727B7126000A089F2 /* Domain.framework */; };
		BB260EB027B715FC00A089F2 /* Domain.framework in Embed Frameworks */ = {isa = PBXBuildFile; fileRef = BB260E8727B7126000A089F2 /* Domain.framework */; settings = {ATTRIBUTES = (CodeSignOnCopy, RemoveHeadersOnCopy, ); }; };
		BB6850F427B9F79800B2F8DF /* Alamofire in Frameworks */ = {isa = PBXBuildFile; productRef = BB6850F327B9F79800B2F8DF /* Alamofire */; };
		BB6850F627BCAB5600B2F8DF /* AlamofireAdapter.swift in Sources */ = {isa = PBXBuildFile; fileRef = BB6850F527BCAB5600B2F8DF /* AlamofireAdapter.swift */; };
		BB6850FA27BCAD2900B2F8DF /* UrlProtocolStub.swift in Sources */ = {isa = PBXBuildFile; fileRef = BB6850F927BCAD2900B2F8DF /* UrlProtocolStub.swift */; };
		BB6D20F227B838EA000AFD66 /* TestHelpers.swift in Sources */ = {isa = PBXBuildFile; fileRef = BB6D20F127B838EA000AFD66 /* TestHelpers.swift */; };
		BB6D20FB27B88106000AFD66 /* HttpPostClient.swift in Sources */ = {isa = PBXBuildFile; fileRef = BB6D20FA27B88106000AFD66 /* HttpPostClient.swift */; };
		BB6D210027B88FC3000AFD66 /* HttpClientSpy.swift in Sources */ = {isa = PBXBuildFile; fileRef = BB6D20FF27B88FC3000AFD66 /* HttpClientSpy.swift */; };
		BB6D210E27B94B30000AFD66 /* Infra.framework in Frameworks */ = {isa = PBXBuildFile; fileRef = BB6D210627B94B30000AFD66 /* Infra.framework */; };
		BB6D211327B94B30000AFD66 /* AlamofireAdapterTests.swift in Sources */ = {isa = PBXBuildFile; fileRef = BB6D211227B94B30000AFD66 /* AlamofireAdapterTests.swift */; };
		BB6D211B27B94D19000AFD66 /* Data.framework in Frameworks */ = {isa = PBXBuildFile; fileRef = BB260E9927B7159600A089F2 /* Data.framework */; };
		BB6D211C27B94D19000AFD66 /* Data.framework in Embed Frameworks */ = {isa = PBXBuildFile; fileRef = BB260E9927B7159600A089F2 /* Data.framework */; settings = {ATTRIBUTES = (CodeSignOnCopy, RemoveHeadersOnCopy, ); }; };
		BB6D212027B94D61000AFD66 /* TestHelpers.swift in Sources */ = {isa = PBXBuildFile; fileRef = BB6D20F127B838EA000AFD66 /* TestHelpers.swift */; };
		BB8F220827BD8C6F00F1BC29 /* AddAccounIntegrationTests.swift in Sources */ = {isa = PBXBuildFile; fileRef = BB8F220727BD8C6F00F1BC29 /* AddAccounIntegrationTests.swift */; };
		BB8F220927BD8C6F00F1BC29 /* Data.framework in Frameworks */ = {isa = PBXBuildFile; fileRef = BB260E9927B7159600A089F2 /* Data.framework */; };
		BBF4C15A27BDD67600032363 /* PresentationLayer.framework in Frameworks */ = {isa = PBXBuildFile; fileRef = BBF4C15227BDD67600032363 /* PresentationLayer.framework */; };
		BBF4C15F27BDD67600032363 /* SignupPresenterTests.swift in Sources */ = {isa = PBXBuildFile; fileRef = BBF4C15E27BDD67600032363 /* SignupPresenterTests.swift */; };
		BBF9AF0C27B7337900EDA0B1 /* Model.swift in Sources */ = {isa = PBXBuildFile; fileRef = BBF9AF0B27B7337900EDA0B1 /* Model.swift */; };
		BBF9AF0E27B7342600EDA0B1 /* RemoteAddAccount.swift in Sources */ = {isa = PBXBuildFile; fileRef = BBF9AF0D27B7342600EDA0B1 /* RemoteAddAccount.swift */; };
/* End PBXBuildFile section */

/* Begin PBXContainerItemProxy section */
		BB260EA227B7159600A089F2 /* PBXContainerItemProxy */ = {
			isa = PBXContainerItemProxy;
			containerPortal = BB260E6D27B7121A00A089F2 /* Project object */;
			proxyType = 1;
			remoteGlobalIDString = BB260E9827B7159600A089F2;
			remoteInfo = Data;
		};
		BB260EB127B715FC00A089F2 /* PBXContainerItemProxy */ = {
			isa = PBXContainerItemProxy;
			containerPortal = BB260E6D27B7121A00A089F2 /* Project object */;
			proxyType = 1;
			remoteGlobalIDString = BB260E8627B7126000A089F2;
			remoteInfo = Domain;
		};
		BB6D210F27B94B30000AFD66 /* PBXContainerItemProxy */ = {
			isa = PBXContainerItemProxy;
			containerPortal = BB260E6D27B7121A00A089F2 /* Project object */;
			proxyType = 1;
			remoteGlobalIDString = BB6D210527B94B30000AFD66;
			remoteInfo = Infra;
		};
		BB6D211D27B94D19000AFD66 /* PBXContainerItemProxy */ = {
			isa = PBXContainerItemProxy;
			containerPortal = BB260E6D27B7121A00A089F2 /* Project object */;
			proxyType = 1;
			remoteGlobalIDString = BB260E9827B7159600A089F2;
			remoteInfo = Data;
		};
		BB8F220A27BD8C6F00F1BC29 /* PBXContainerItemProxy */ = {
			isa = PBXContainerItemProxy;
			containerPortal = BB260E6D27B7121A00A089F2 /* Project object */;
			proxyType = 1;
			remoteGlobalIDString = BB260E9827B7159600A089F2;
			remoteInfo = Data;
		};
		BB8F220F27BD8CA500F1BC29 /* PBXContainerItemProxy */ = {
			isa = PBXContainerItemProxy;
			containerPortal = BB260E6D27B7121A00A089F2 /* Project object */;
			proxyType = 1;
			remoteGlobalIDString = BB260E8627B7126000A089F2;
			remoteInfo = Domain;
		};
		BB8F221127BD8CA500F1BC29 /* PBXContainerItemProxy */ = {
			isa = PBXContainerItemProxy;
			containerPortal = BB260E6D27B7121A00A089F2 /* Project object */;
			proxyType = 1;
			remoteGlobalIDString = BB6D210527B94B30000AFD66;
			remoteInfo = Infra;
		};
		BBF4C15B27BDD67600032363 /* PBXContainerItemProxy */ = {
			isa = PBXContainerItemProxy;
			containerPortal = BB260E6D27B7121A00A089F2 /* Project object */;
			proxyType = 1;
			remoteGlobalIDString = BBF4C15127BDD67600032363;
			remoteInfo = PresentationLayer;
		};
/* End PBXContainerItemProxy section */

/* Begin PBXCopyFilesBuildPhase section */
		BB260EB327B715FC00A089F2 /* Embed Frameworks */ = {
			isa = PBXCopyFilesBuildPhase;
			buildActionMask = 2147483647;
			dstPath = "";
			dstSubfolderSpec = 10;
			files = (
				BB260EB027B715FC00A089F2 /* Domain.framework in Embed Frameworks */,
			);
			name = "Embed Frameworks";
			runOnlyForDeploymentPostprocessing = 0;
		};
		BB6D211F27B94D19000AFD66 /* Embed Frameworks */ = {
			isa = PBXCopyFilesBuildPhase;
			buildActionMask = 2147483647;
			dstPath = "";
			dstSubfolderSpec = 10;
			files = (
				BB6D211C27B94D19000AFD66 /* Data.framework in Embed Frameworks */,
			);
			name = "Embed Frameworks";
			runOnlyForDeploymentPostprocessing = 0;
		};
/* End PBXCopyFilesBuildPhase section */

/* Begin PBXFileReference section */
		BB06165C27B7E77A0088AFFE /* DomainError.swift */ = {isa = PBXFileReference; lastKnownFileType = sourcecode.swift; path = DomainError.swift; sourceTree = "<group>"; };
		BB06165E27B7E99E0088AFFE /* HttpError.swift */ = {isa = PBXFileReference; lastKnownFileType = sourcecode.swift; path = HttpError.swift; sourceTree = "<group>"; };
		BB06166127B800830088AFFE /* ExtensionHelper.swift */ = {isa = PBXFileReference; lastKnownFileType = sourcecode.swift; path = ExtensionHelper.swift; sourceTree = "<group>"; };
		BB260E8727B7126000A089F2 /* Domain.framework */ = {isa = PBXFileReference; explicitFileType = wrapper.framework; includeInIndex = 0; path = Domain.framework; sourceTree = BUILT_PRODUCTS_DIR; };
		BB260E9027B7135300A089F2 /* AddAccount.swift */ = {isa = PBXFileReference; lastKnownFileType = sourcecode.swift; path = AddAccount.swift; sourceTree = "<group>"; };
		BB260E9227B714F300A089F2 /* AccountModel.swift */ = {isa = PBXFileReference; lastKnownFileType = sourcecode.swift; path = AccountModel.swift; sourceTree = "<group>"; };
		BB260E9927B7159600A089F2 /* Data.framework */ = {isa = PBXFileReference; explicitFileType = wrapper.framework; includeInIndex = 0; path = Data.framework; sourceTree = BUILT_PRODUCTS_DIR; };
		BB260EA027B7159600A089F2 /* DataTests.xctest */ = {isa = PBXFileReference; explicitFileType = wrapper.cfbundle; includeInIndex = 0; path = DataTests.xctest; sourceTree = BUILT_PRODUCTS_DIR; };
		BB260EA527B7159600A089F2 /* RemoteAddAccountTests.swift */ = {isa = PBXFileReference; lastKnownFileType = sourcecode.swift; path = RemoteAddAccountTests.swift; sourceTree = "<group>"; };
		BB6850F527BCAB5600B2F8DF /* AlamofireAdapter.swift */ = {isa = PBXFileReference; lastKnownFileType = sourcecode.swift; path = AlamofireAdapter.swift; sourceTree = "<group>"; };
		BB6850F927BCAD2900B2F8DF /* UrlProtocolStub.swift */ = {isa = PBXFileReference; lastKnownFileType = sourcecode.swift; path = UrlProtocolStub.swift; sourceTree = "<group>"; };
		BB6D20F127B838EA000AFD66 /* TestHelpers.swift */ = {isa = PBXFileReference; lastKnownFileType = sourcecode.swift; path = TestHelpers.swift; sourceTree = "<group>"; };
		BB6D20FA27B88106000AFD66 /* HttpPostClient.swift */ = {isa = PBXFileReference; fileEncoding = 4; lastKnownFileType = sourcecode.swift; path = HttpPostClient.swift; sourceTree = "<group>"; };
		BB6D20FF27B88FC3000AFD66 /* HttpClientSpy.swift */ = {isa = PBXFileReference; lastKnownFileType = sourcecode.swift; path = HttpClientSpy.swift; sourceTree = "<group>"; };
		BB6D210627B94B30000AFD66 /* Infra.framework */ = {isa = PBXFileReference; explicitFileType = wrapper.framework; includeInIndex = 0; path = Infra.framework; sourceTree = BUILT_PRODUCTS_DIR; };
		BB6D210D27B94B30000AFD66 /* InfraTests.xctest */ = {isa = PBXFileReference; explicitFileType = wrapper.cfbundle; includeInIndex = 0; path = InfraTests.xctest; sourceTree = BUILT_PRODUCTS_DIR; };
		BB6D211227B94B30000AFD66 /* AlamofireAdapterTests.swift */ = {isa = PBXFileReference; lastKnownFileType = sourcecode.swift; path = AlamofireAdapterTests.swift; sourceTree = "<group>"; };
		BB8F220527BD8C6F00F1BC29 /* UseCasesIntegrationTests.xctest */ = {isa = PBXFileReference; explicitFileType = wrapper.cfbundle; includeInIndex = 0; path = UseCasesIntegrationTests.xctest; sourceTree = BUILT_PRODUCTS_DIR; };
		BB8F220727BD8C6F00F1BC29 /* AddAccounIntegrationTests.swift */ = {isa = PBXFileReference; lastKnownFileType = sourcecode.swift; path = AddAccounIntegrationTests.swift; sourceTree = "<group>"; };
		BBF4C15227BDD67600032363 /* PresentationLayer.framework */ = {isa = PBXFileReference; explicitFileType = wrapper.framework; includeInIndex = 0; path = PresentationLayer.framework; sourceTree = BUILT_PRODUCTS_DIR; };
		BBF4C15927BDD67600032363 /* PresentationLayerTests.xctest */ = {isa = PBXFileReference; explicitFileType = wrapper.cfbundle; includeInIndex = 0; path = PresentationLayerTests.xctest; sourceTree = BUILT_PRODUCTS_DIR; };
		BBF4C15E27BDD67600032363 /* SignupPresenterTests.swift */ = {isa = PBXFileReference; lastKnownFileType = sourcecode.swift; path = SignupPresenterTests.swift; sourceTree = "<group>"; };
		BBF9AF0B27B7337900EDA0B1 /* Model.swift */ = {isa = PBXFileReference; lastKnownFileType = sourcecode.swift; path = Model.swift; sourceTree = "<group>"; };
		BBF9AF0D27B7342600EDA0B1 /* RemoteAddAccount.swift */ = {isa = PBXFileReference; lastKnownFileType = sourcecode.swift; path = RemoteAddAccount.swift; sourceTree = "<group>"; };
/* End PBXFileReference section */

/* Begin PBXFrameworksBuildPhase section */
		BB260E8427B7126000A089F2 /* Frameworks */ = {
			isa = PBXFrameworksBuildPhase;
			buildActionMask = 2147483647;
			files = (
			);
			runOnlyForDeploymentPostprocessing = 0;
		};
		BB260E9627B7159600A089F2 /* Frameworks */ = {
			isa = PBXFrameworksBuildPhase;
			buildActionMask = 2147483647;
			files = (
				BB260EAF27B715FC00A089F2 /* Domain.framework in Frameworks */,
			);
			runOnlyForDeploymentPostprocessing = 0;
		};
		BB260E9D27B7159600A089F2 /* Frameworks */ = {
			isa = PBXFrameworksBuildPhase;
			buildActionMask = 2147483647;
			files = (
				BB260EA127B7159600A089F2 /* Data.framework in Frameworks */,
			);
			runOnlyForDeploymentPostprocessing = 0;
		};
		BB6D210327B94B30000AFD66 /* Frameworks */ = {
			isa = PBXFrameworksBuildPhase;
			buildActionMask = 2147483647;
			files = (
				BB6D211B27B94D19000AFD66 /* Data.framework in Frameworks */,
				BB6850F427B9F79800B2F8DF /* Alamofire in Frameworks */,
			);
			runOnlyForDeploymentPostprocessing = 0;
		};
		BB6D210A27B94B30000AFD66 /* Frameworks */ = {
			isa = PBXFrameworksBuildPhase;
			buildActionMask = 2147483647;
			files = (
				BB6D210E27B94B30000AFD66 /* Infra.framework in Frameworks */,
			);
			runOnlyForDeploymentPostprocessing = 0;
		};
		BB8F220227BD8C6F00F1BC29 /* Frameworks */ = {
			isa = PBXFrameworksBuildPhase;
			buildActionMask = 2147483647;
			files = (
				BB8F220927BD8C6F00F1BC29 /* Data.framework in Frameworks */,
			);
			runOnlyForDeploymentPostprocessing = 0;
		};
		BBF4C14F27BDD67600032363 /* Frameworks */ = {
			isa = PBXFrameworksBuildPhase;
			buildActionMask = 2147483647;
			files = (
			);
			runOnlyForDeploymentPostprocessing = 0;
		};
		BBF4C15627BDD67600032363 /* Frameworks */ = {
			isa = PBXFrameworksBuildPhase;
			buildActionMask = 2147483647;
			files = (
				BBF4C15A27BDD67600032363 /* PresentationLayer.framework in Frameworks */,
			);
			runOnlyForDeploymentPostprocessing = 0;
		};
/* End PBXFrameworksBuildPhase section */

/* Begin PBXGroup section */
		BB06165B27B7E7670088AFFE /* Error */ = {
			isa = PBXGroup;
			children = (
				BB06165C27B7E77A0088AFFE /* DomainError.swift */,
				BB06165E27B7E99E0088AFFE /* HttpError.swift */,
			);
			path = Error;
			sourceTree = "<group>";
		};
		BB06166027B800720088AFFE /* Helper */ = {
			isa = PBXGroup;
			children = (
				BB06166127B800830088AFFE /* ExtensionHelper.swift */,
			);
			path = Helper;
			sourceTree = "<group>";
		};
		BB260E6C27B7121A00A089F2 = {
			isa = PBXGroup;
			children = (
				BB260E8827B7126000A089F2 /* Domain */,
				BB260E9A27B7159600A089F2 /* Data */,
				BB260EA427B7159600A089F2 /* DataTests */,
				BB6D210727B94B30000AFD66 /* Infra */,
				BB6D211127B94B30000AFD66 /* InfraTests */,
				BB8F220627BD8C6F00F1BC29 /* UseCasesIntegrationTests */,
				BBF4C15327BDD67600032363 /* PresentationLayer */,
				BBF4C15D27BDD67600032363 /* PresentationLayerTests */,
				BB260E7727B7121A00A089F2 /* Products */,
				BB260EAE27B715FC00A089F2 /* Frameworks */,
			);
			sourceTree = "<group>";
		};
		BB260E7727B7121A00A089F2 /* Products */ = {
			isa = PBXGroup;
			children = (
				BB260E8727B7126000A089F2 /* Domain.framework */,
				BB260E9927B7159600A089F2 /* Data.framework */,
				BB260EA027B7159600A089F2 /* DataTests.xctest */,
				BB6D210627B94B30000AFD66 /* Infra.framework */,
				BB6D210D27B94B30000AFD66 /* InfraTests.xctest */,
				BB8F220527BD8C6F00F1BC29 /* UseCasesIntegrationTests.xctest */,
				BBF4C15227BDD67600032363 /* PresentationLayer.framework */,
				BBF4C15927BDD67600032363 /* PresentationLayerTests.xctest */,
			);
			name = Products;
			sourceTree = "<group>";
		};
		BB260E8827B7126000A089F2 /* Domain */ = {
			isa = PBXGroup;
			children = (
				BBF9AF1127B737E100EDA0B1 /* UseCases */,
				BBF9AF1227B737F900EDA0B1 /* Models */,
				BB06165B27B7E7670088AFFE /* Error */,
			);
			path = Domain;
			sourceTree = "<group>";
		};
		BB260E9A27B7159600A089F2 /* Data */ = {
			isa = PBXGroup;
			children = (
				BBF9AF1327B7381F00EDA0B1 /* UseCases */,
				BB06166027B800720088AFFE /* Helper */,
				BBF9AF1427B7386900EDA0B1 /* Http */,
			);
			path = Data;
			sourceTree = "<group>";
		};
		BB260EA427B7159600A089F2 /* DataTests */ = {
			isa = PBXGroup;
			children = (
				BBF9AF1527B7388100EDA0B1 /* UseCases */,
				BB6D20FE27B881AE000AFD66 /* Http */,
				BB6D20E327B82F98000AFD66 /* Helpers */,
			);
			path = DataTests;
			sourceTree = "<group>";
		};
		BB260EAE27B715FC00A089F2 /* Frameworks */ = {
			isa = PBXGroup;
			children = (
			);
			name = Frameworks;
			sourceTree = "<group>";
		};
		BB6850F727BCACA000B2F8DF /* Http */ = {
			isa = PBXGroup;
			children = (
				BB6850F527BCAB5600B2F8DF /* AlamofireAdapter.swift */,
			);
			path = Http;
			sourceTree = "<group>";
		};
		BB6850F827BCAD1E00B2F8DF /* Http */ = {
			isa = PBXGroup;
			children = (
				BB6D211227B94B30000AFD66 /* AlamofireAdapterTests.swift */,
				BB6850F927BCAD2900B2F8DF /* UrlProtocolStub.swift */,
			);
			path = Http;
			sourceTree = "<group>";
		};
		BB6D20E327B82F98000AFD66 /* Helpers */ = {
			isa = PBXGroup;
			children = (
				BB6D20F127B838EA000AFD66 /* TestHelpers.swift */,
			);
			path = Helpers;
			sourceTree = "<group>";
		};
		BB6D20FE27B881AE000AFD66 /* Http */ = {
			isa = PBXGroup;
			children = (
				BB6D20FF27B88FC3000AFD66 /* HttpClientSpy.swift */,
			);
			path = Http;
			sourceTree = "<group>";
		};
		BB6D210727B94B30000AFD66 /* Infra */ = {
			isa = PBXGroup;
			children = (
				BB6850F727BCACA000B2F8DF /* Http */,
			);
			path = Infra;
			sourceTree = "<group>";
		};
		BB6D211127B94B30000AFD66 /* InfraTests */ = {
			isa = PBXGroup;
			children = (
				BB6850F827BCAD1E00B2F8DF /* Http */,
			);
			path = InfraTests;
			sourceTree = "<group>";
		};
		BB8F220627BD8C6F00F1BC29 /* UseCasesIntegrationTests */ = {
			isa = PBXGroup;
			children = (
				BB8F220727BD8C6F00F1BC29 /* AddAccounIntegrationTests.swift */,
			);
			path = UseCasesIntegrationTests;
			sourceTree = "<group>";
		};
		BBF4C15327BDD67600032363 /* PresentationLayer */ = {
			isa = PBXGroup;
			children = (
			);
			path = PresentationLayer;
			sourceTree = "<group>";
		};
		BBF4C15D27BDD67600032363 /* PresentationLayerTests */ = {
			isa = PBXGroup;
			children = (
				BBF4C15E27BDD67600032363 /* SignupPresenterTests.swift */,
			);
			path = PresentationLayerTests;
			sourceTree = "<group>";
		};
		BBF9AF1127B737E100EDA0B1 /* UseCases */ = {
			isa = PBXGroup;
			children = (
				BB260E9027B7135300A089F2 /* AddAccount.swift */,
			);
			path = UseCases;
			sourceTree = "<group>";
		};
		BBF9AF1227B737F900EDA0B1 /* Models */ = {
			isa = PBXGroup;
			children = (
				BBF9AF0B27B7337900EDA0B1 /* Model.swift */,
				BB260E9227B714F300A089F2 /* AccountModel.swift */,
			);
			path = Models;
			sourceTree = "<group>";
		};
		BBF9AF1327B7381F00EDA0B1 /* UseCases */ = {
			isa = PBXGroup;
			children = (
				BBF9AF0D27B7342600EDA0B1 /* RemoteAddAccount.swift */,
			);
			path = UseCases;
			sourceTree = "<group>";
		};
		BBF9AF1427B7386900EDA0B1 /* Http */ = {
			isa = PBXGroup;
			children = (
				BB6D20FA27B88106000AFD66 /* HttpPostClient.swift */,
			);
			path = Http;
			sourceTree = "<group>";
		};
		BBF9AF1527B7388100EDA0B1 /* UseCases */ = {
			isa = PBXGroup;
			children = (
				BB260EA527B7159600A089F2 /* RemoteAddAccountTests.swift */,
			);
			path = UseCases;
			sourceTree = "<group>";
		};
/* End PBXGroup section */

/* Begin PBXHeadersBuildPhase section */
		BB260E8227B7126000A089F2 /* Headers */ = {
			isa = PBXHeadersBuildPhase;
			buildActionMask = 2147483647;
			files = (
			);
			runOnlyForDeploymentPostprocessing = 0;
		};
		BB260E9427B7159600A089F2 /* Headers */ = {
			isa = PBXHeadersBuildPhase;
			buildActionMask = 2147483647;
			files = (
			);
			runOnlyForDeploymentPostprocessing = 0;
		};
		BB6D210127B94B30000AFD66 /* Headers */ = {
			isa = PBXHeadersBuildPhase;
			buildActionMask = 2147483647;
			files = (
			);
			runOnlyForDeploymentPostprocessing = 0;
		};
		BBF4C14D27BDD67600032363 /* Headers */ = {
			isa = PBXHeadersBuildPhase;
			buildActionMask = 2147483647;
			files = (
			);
			runOnlyForDeploymentPostprocessing = 0;
		};
/* End PBXHeadersBuildPhase section */

/* Begin PBXNativeTarget section */
		BB260E8627B7126000A089F2 /* Domain */ = {
			isa = PBXNativeTarget;
			buildConfigurationList = BB260E8D27B7126000A089F2 /* Build configuration list for PBXNativeTarget "Domain" */;
			buildPhases = (
				BB260E8227B7126000A089F2 /* Headers */,
				BB260E8327B7126000A089F2 /* Sources */,
				BB260E8427B7126000A089F2 /* Frameworks */,
				BB260E8527B7126000A089F2 /* Resources */,
			);
			buildRules = (
			);
			dependencies = (
			);
			name = Domain;
			packageProductDependencies = (
			);
			productName = Domain;
			productReference = BB260E8727B7126000A089F2 /* Domain.framework */;
			productType = "com.apple.product-type.framework";
		};
		BB260E9827B7159600A089F2 /* Data */ = {
			isa = PBXNativeTarget;
			buildConfigurationList = BB260EA827B7159600A089F2 /* Build configuration list for PBXNativeTarget "Data" */;
			buildPhases = (
				BB260E9427B7159600A089F2 /* Headers */,
				BB260E9527B7159600A089F2 /* Sources */,
				BB260E9627B7159600A089F2 /* Frameworks */,
				BB260E9727B7159600A089F2 /* Resources */,
				BB260EB327B715FC00A089F2 /* Embed Frameworks */,
			);
			buildRules = (
			);
			dependencies = (
				BB260EB227B715FC00A089F2 /* PBXTargetDependency */,
			);
			name = Data;
			productName = Data;
			productReference = BB260E9927B7159600A089F2 /* Data.framework */;
			productType = "com.apple.product-type.framework";
		};
		BB260E9F27B7159600A089F2 /* DataTests */ = {
			isa = PBXNativeTarget;
			buildConfigurationList = BB260EAB27B7159600A089F2 /* Build configuration list for PBXNativeTarget "DataTests" */;
			buildPhases = (
				BB260E9C27B7159600A089F2 /* Sources */,
				BB260E9D27B7159600A089F2 /* Frameworks */,
				BB260E9E27B7159600A089F2 /* Resources */,
			);
			buildRules = (
			);
			dependencies = (
				BB260EA327B7159600A089F2 /* PBXTargetDependency */,
			);
			name = DataTests;
			productName = DataTests;
			productReference = BB260EA027B7159600A089F2 /* DataTests.xctest */;
			productType = "com.apple.product-type.bundle.unit-test";
		};
		BB6D210527B94B30000AFD66 /* Infra */ = {
			isa = PBXNativeTarget;
			buildConfigurationList = BB6D211527B94B30000AFD66 /* Build configuration list for PBXNativeTarget "Infra" */;
			buildPhases = (
				BB6D210127B94B30000AFD66 /* Headers */,
				BB6D210227B94B30000AFD66 /* Sources */,
				BB6D210327B94B30000AFD66 /* Frameworks */,
				BB6D210427B94B30000AFD66 /* Resources */,
				BB6D211F27B94D19000AFD66 /* Embed Frameworks */,
			);
			buildRules = (
			);
			dependencies = (
				BB6D211E27B94D19000AFD66 /* PBXTargetDependency */,
			);
			name = Infra;
			packageProductDependencies = (
				BB6850F327B9F79800B2F8DF /* Alamofire */,
			);
			productName = Infra;
			productReference = BB6D210627B94B30000AFD66 /* Infra.framework */;
			productType = "com.apple.product-type.framework";
		};
		BB6D210C27B94B30000AFD66 /* InfraTests */ = {
			isa = PBXNativeTarget;
			buildConfigurationList = BB6D211827B94B30000AFD66 /* Build configuration list for PBXNativeTarget "InfraTests" */;
			buildPhases = (
				BB6D210927B94B30000AFD66 /* Sources */,
				BB6D210A27B94B30000AFD66 /* Frameworks */,
				BB6D210B27B94B30000AFD66 /* Resources */,
			);
			buildRules = (
			);
			dependencies = (
				BB6D211027B94B30000AFD66 /* PBXTargetDependency */,
			);
			name = InfraTests;
			productName = InfraTests;
			productReference = BB6D210D27B94B30000AFD66 /* InfraTests.xctest */;
			productType = "com.apple.product-type.bundle.unit-test";
		};
		BB8F220427BD8C6F00F1BC29 /* UseCasesIntegrationTests */ = {
			isa = PBXNativeTarget;
			buildConfigurationList = BB8F220E27BD8C6F00F1BC29 /* Build configuration list for PBXNativeTarget "UseCasesIntegrationTests" */;
			buildPhases = (
				BB8F220127BD8C6F00F1BC29 /* Sources */,
				BB8F220227BD8C6F00F1BC29 /* Frameworks */,
				BB8F220327BD8C6F00F1BC29 /* Resources */,
			);
			buildRules = (
			);
			dependencies = (
				BB8F221027BD8CA500F1BC29 /* PBXTargetDependency */,
				BB8F221227BD8CA500F1BC29 /* PBXTargetDependency */,
				BB8F220B27BD8C6F00F1BC29 /* PBXTargetDependency */,
			);
			name = UseCasesIntegrationTests;
			productName = UseCasesIntegrationTests;
			productReference = BB8F220527BD8C6F00F1BC29 /* UseCasesIntegrationTests.xctest */;
			productType = "com.apple.product-type.bundle.unit-test";
		};
		BBF4C15127BDD67600032363 /* PresentationLayer */ = {
			isa = PBXNativeTarget;
			buildConfigurationList = BBF4C16127BDD67600032363 /* Build configuration list for PBXNativeTarget "PresentationLayer" */;
			buildPhases = (
				BBF4C14D27BDD67600032363 /* Headers */,
				BBF4C14E27BDD67600032363 /* Sources */,
				BBF4C14F27BDD67600032363 /* Frameworks */,
				BBF4C15027BDD67600032363 /* Resources */,
			);
			buildRules = (
			);
			dependencies = (
			);
			name = PresentationLayer;
			productName = PresentationLayer;
			productReference = BBF4C15227BDD67600032363 /* PresentationLayer.framework */;
			productType = "com.apple.product-type.framework";
		};
		BBF4C15827BDD67600032363 /* PresentationLayerTests */ = {
			isa = PBXNativeTarget;
			buildConfigurationList = BBF4C16427BDD67600032363 /* Build configuration list for PBXNativeTarget "PresentationLayerTests" */;
			buildPhases = (
				BBF4C15527BDD67600032363 /* Sources */,
				BBF4C15627BDD67600032363 /* Frameworks */,
				BBF4C15727BDD67600032363 /* Resources */,
			);
			buildRules = (
			);
			dependencies = (
				BBF4C15C27BDD67600032363 /* PBXTargetDependency */,
			);
			name = PresentationLayerTests;
			productName = PresentationLayerTests;
			productReference = BBF4C15927BDD67600032363 /* PresentationLayerTests.xctest */;
			productType = "com.apple.product-type.bundle.unit-test";
		};
/* End PBXNativeTarget section */

/* Begin PBXProject section */
		BB260E6D27B7121A00A089F2 /* Project object */ = {
			isa = PBXProject;
			attributes = {
				BuildIndependentTargetsInParallel = 1;
				LastSwiftUpdateCheck = 1320;
				LastUpgradeCheck = 1320;
				TargetAttributes = {
					BB260E8627B7126000A089F2 = {
						CreatedOnToolsVersion = 13.2.1;
					};
					BB260E9827B7159600A089F2 = {
						CreatedOnToolsVersion = 13.2.1;
					};
					BB260E9F27B7159600A089F2 = {
						CreatedOnToolsVersion = 13.2.1;
					};
					BB6D210527B94B30000AFD66 = {
						CreatedOnToolsVersion = 13.2.1;
						LastSwiftMigration = 1320;
					};
					BB6D210C27B94B30000AFD66 = {
						CreatedOnToolsVersion = 13.2.1;
					};
					BB8F220427BD8C6F00F1BC29 = {
						CreatedOnToolsVersion = 13.2.1;
					};
					BBF4C15127BDD67600032363 = {
						CreatedOnToolsVersion = 13.2.1;
					};
					BBF4C15827BDD67600032363 = {
						CreatedOnToolsVersion = 13.2.1;
					};
				};
			};
			buildConfigurationList = BB260E7027B7121A00A089F2 /* Build configuration list for PBXProject "CleanApp" */;
			compatibilityVersion = "Xcode 13.0";
			developmentRegion = en;
			hasScannedForEncodings = 0;
			knownRegions = (
				en,
				Base,
			);
			mainGroup = BB260E6C27B7121A00A089F2;
			packageReferences = (
				BB6850F227B9F79800B2F8DF /* XCRemoteSwiftPackageReference "Alamofire" */,
			);
			productRefGroup = BB260E7727B7121A00A089F2 /* Products */;
			projectDirPath = "";
			projectRoot = "";
			targets = (
				BB260E8627B7126000A089F2 /* Domain */,
				BB260E9827B7159600A089F2 /* Data */,
				BB260E9F27B7159600A089F2 /* DataTests */,
				BB6D210527B94B30000AFD66 /* Infra */,
				BB6D210C27B94B30000AFD66 /* InfraTests */,
				BB8F220427BD8C6F00F1BC29 /* UseCasesIntegrationTests */,
				BBF4C15127BDD67600032363 /* PresentationLayer */,
				BBF4C15827BDD67600032363 /* PresentationLayerTests */,
			);
		};
/* End PBXProject section */

/* Begin PBXResourcesBuildPhase section */
		BB260E8527B7126000A089F2 /* Resources */ = {
			isa = PBXResourcesBuildPhase;
			buildActionMask = 2147483647;
			files = (
			);
			runOnlyForDeploymentPostprocessing = 0;
		};
		BB260E9727B7159600A089F2 /* Resources */ = {
			isa = PBXResourcesBuildPhase;
			buildActionMask = 2147483647;
			files = (
			);
			runOnlyForDeploymentPostprocessing = 0;
		};
		BB260E9E27B7159600A089F2 /* Resources */ = {
			isa = PBXResourcesBuildPhase;
			buildActionMask = 2147483647;
			files = (
			);
			runOnlyForDeploymentPostprocessing = 0;
		};
		BB6D210427B94B30000AFD66 /* Resources */ = {
			isa = PBXResourcesBuildPhase;
			buildActionMask = 2147483647;
			files = (
			);
			runOnlyForDeploymentPostprocessing = 0;
		};
		BB6D210B27B94B30000AFD66 /* Resources */ = {
			isa = PBXResourcesBuildPhase;
			buildActionMask = 2147483647;
			files = (
			);
			runOnlyForDeploymentPostprocessing = 0;
		};
		BB8F220327BD8C6F00F1BC29 /* Resources */ = {
			isa = PBXResourcesBuildPhase;
			buildActionMask = 2147483647;
			files = (
			);
			runOnlyForDeploymentPostprocessing = 0;
		};
		BBF4C15027BDD67600032363 /* Resources */ = {
			isa = PBXResourcesBuildPhase;
			buildActionMask = 2147483647;
			files = (
			);
			runOnlyForDeploymentPostprocessing = 0;
		};
		BBF4C15727BDD67600032363 /* Resources */ = {
			isa = PBXResourcesBuildPhase;
			buildActionMask = 2147483647;
			files = (
			);
			runOnlyForDeploymentPostprocessing = 0;
		};
/* End PBXResourcesBuildPhase section */

/* Begin PBXSourcesBuildPhase section */
		BB260E8327B7126000A089F2 /* Sources */ = {
			isa = PBXSourcesBuildPhase;
			buildActionMask = 2147483647;
			files = (
				BBF9AF0C27B7337900EDA0B1 /* Model.swift in Sources */,
				BB260E9327B714F300A089F2 /* AccountModel.swift in Sources */,
				BB06165F27B7E99E0088AFFE /* HttpError.swift in Sources */,
				BB06165D27B7E77A0088AFFE /* DomainError.swift in Sources */,
				BB260E9127B7135300A089F2 /* AddAccount.swift in Sources */,
			);
			runOnlyForDeploymentPostprocessing = 0;
		};
		BB260E9527B7159600A089F2 /* Sources */ = {
			isa = PBXSourcesBuildPhase;
			buildActionMask = 2147483647;
			files = (
				BB6D20FB27B88106000AFD66 /* HttpPostClient.swift in Sources */,
				BB06166227B800830088AFFE /* ExtensionHelper.swift in Sources */,
				BBF9AF0E27B7342600EDA0B1 /* RemoteAddAccount.swift in Sources */,
			);
			runOnlyForDeploymentPostprocessing = 0;
		};
		BB260E9C27B7159600A089F2 /* Sources */ = {
			isa = PBXSourcesBuildPhase;
			buildActionMask = 2147483647;
			files = (
				BB260EA627B7159600A089F2 /* RemoteAddAccountTests.swift in Sources */,
				BB6D210027B88FC3000AFD66 /* HttpClientSpy.swift in Sources */,
				BB6D20F227B838EA000AFD66 /* TestHelpers.swift in Sources */,
			);
			runOnlyForDeploymentPostprocessing = 0;
		};
		BB6D210227B94B30000AFD66 /* Sources */ = {
			isa = PBXSourcesBuildPhase;
			buildActionMask = 2147483647;
			files = (
				BB6850F627BCAB5600B2F8DF /* AlamofireAdapter.swift in Sources */,
			);
			runOnlyForDeploymentPostprocessing = 0;
		};
		BB6D210927B94B30000AFD66 /* Sources */ = {
			isa = PBXSourcesBuildPhase;
			buildActionMask = 2147483647;
			files = (
				BB6850FA27BCAD2900B2F8DF /* UrlProtocolStub.swift in Sources */,
				BB6D211327B94B30000AFD66 /* AlamofireAdapterTests.swift in Sources */,
				BB6D212027B94D61000AFD66 /* TestHelpers.swift in Sources */,
			);
			runOnlyForDeploymentPostprocessing = 0;
		};
		BB8F220127BD8C6F00F1BC29 /* Sources */ = {
			isa = PBXSourcesBuildPhase;
			buildActionMask = 2147483647;
			files = (
				BB8F220827BD8C6F00F1BC29 /* AddAccounIntegrationTests.swift in Sources */,
			);
			runOnlyForDeploymentPostprocessing = 0;
		};
		BBF4C14E27BDD67600032363 /* Sources */ = {
			isa = PBXSourcesBuildPhase;
			buildActionMask = 2147483647;
			files = (
			);
			runOnlyForDeploymentPostprocessing = 0;
		};
		BBF4C15527BDD67600032363 /* Sources */ = {
			isa = PBXSourcesBuildPhase;
			buildActionMask = 2147483647;
			files = (
				BBF4C15F27BDD67600032363 /* SignupPresenterTests.swift in Sources */,
			);
			runOnlyForDeploymentPostprocessing = 0;
		};
/* End PBXSourcesBuildPhase section */

/* Begin PBXTargetDependency section */
		BB260EA327B7159600A089F2 /* PBXTargetDependency */ = {
			isa = PBXTargetDependency;
			target = BB260E9827B7159600A089F2 /* Data */;
			targetProxy = BB260EA227B7159600A089F2 /* PBXContainerItemProxy */;
		};
		BB260EB227B715FC00A089F2 /* PBXTargetDependency */ = {
			isa = PBXTargetDependency;
			target = BB260E8627B7126000A089F2 /* Domain */;
			targetProxy = BB260EB127B715FC00A089F2 /* PBXContainerItemProxy */;
		};
		BB6D211027B94B30000AFD66 /* PBXTargetDependency */ = {
			isa = PBXTargetDependency;
			target = BB6D210527B94B30000AFD66 /* Infra */;
			targetProxy = BB6D210F27B94B30000AFD66 /* PBXContainerItemProxy */;
		};
		BB6D211E27B94D19000AFD66 /* PBXTargetDependency */ = {
			isa = PBXTargetDependency;
			target = BB260E9827B7159600A089F2 /* Data */;
			targetProxy = BB6D211D27B94D19000AFD66 /* PBXContainerItemProxy */;
		};
		BB8F220B27BD8C6F00F1BC29 /* PBXTargetDependency */ = {
			isa = PBXTargetDependency;
			target = BB260E9827B7159600A089F2 /* Data */;
			targetProxy = BB8F220A27BD8C6F00F1BC29 /* PBXContainerItemProxy */;
		};
		BB8F221027BD8CA500F1BC29 /* PBXTargetDependency */ = {
			isa = PBXTargetDependency;
			target = BB260E8627B7126000A089F2 /* Domain */;
			targetProxy = BB8F220F27BD8CA500F1BC29 /* PBXContainerItemProxy */;
		};
		BB8F221227BD8CA500F1BC29 /* PBXTargetDependency */ = {
			isa = PBXTargetDependency;
			target = BB6D210527B94B30000AFD66 /* Infra */;
			targetProxy = BB8F221127BD8CA500F1BC29 /* PBXContainerItemProxy */;
		};
		BBF4C15C27BDD67600032363 /* PBXTargetDependency */ = {
			isa = PBXTargetDependency;
			target = BBF4C15127BDD67600032363 /* PresentationLayer */;
			targetProxy = BBF4C15B27BDD67600032363 /* PBXContainerItemProxy */;
		};
/* End PBXTargetDependency section */

/* Begin XCBuildConfiguration section */
		BB260E7D27B7121A00A089F2 /* Debug */ = {
			isa = XCBuildConfiguration;
			buildSettings = {
				ALWAYS_SEARCH_USER_PATHS = NO;
				CLANG_ANALYZER_NONNULL = YES;
				CLANG_ANALYZER_NUMBER_OBJECT_CONVERSION = YES_AGGRESSIVE;
				CLANG_CXX_LANGUAGE_STANDARD = "gnu++17";
				CLANG_CXX_LIBRARY = "libc++";
				CLANG_ENABLE_MODULES = YES;
				CLANG_ENABLE_OBJC_ARC = YES;
				CLANG_ENABLE_OBJC_WEAK = YES;
				CLANG_WARN_BLOCK_CAPTURE_AUTORELEASING = YES;
				CLANG_WARN_BOOL_CONVERSION = YES;
				CLANG_WARN_COMMA = YES;
				CLANG_WARN_CONSTANT_CONVERSION = YES;
				CLANG_WARN_DEPRECATED_OBJC_IMPLEMENTATIONS = YES;
				CLANG_WARN_DIRECT_OBJC_ISA_USAGE = YES_ERROR;
				CLANG_WARN_DOCUMENTATION_COMMENTS = YES;
				CLANG_WARN_EMPTY_BODY = YES;
				CLANG_WARN_ENUM_CONVERSION = YES;
				CLANG_WARN_INFINITE_RECURSION = YES;
				CLANG_WARN_INT_CONVERSION = YES;
				CLANG_WARN_NON_LITERAL_NULL_CONVERSION = YES;
				CLANG_WARN_OBJC_IMPLICIT_RETAIN_SELF = YES;
				CLANG_WARN_OBJC_LITERAL_CONVERSION = YES;
				CLANG_WARN_OBJC_ROOT_CLASS = YES_ERROR;
				CLANG_WARN_QUOTED_INCLUDE_IN_FRAMEWORK_HEADER = YES;
				CLANG_WARN_RANGE_LOOP_ANALYSIS = YES;
				CLANG_WARN_STRICT_PROTOTYPES = YES;
				CLANG_WARN_SUSPICIOUS_MOVE = YES;
				CLANG_WARN_UNGUARDED_AVAILABILITY = YES_AGGRESSIVE;
				CLANG_WARN_UNREACHABLE_CODE = YES;
				CLANG_WARN__DUPLICATE_METHOD_MATCH = YES;
				COPY_PHASE_STRIP = NO;
				CURRENT_PROJECT_VERSION = 1;
				DEBUG_INFORMATION_FORMAT = dwarf;
				ENABLE_STRICT_OBJC_MSGSEND = YES;
				ENABLE_TESTABILITY = YES;
				ENABLE_TESTING_SEARCH_PATHS = YES;
				GCC_C_LANGUAGE_STANDARD = gnu11;
				GCC_DYNAMIC_NO_PIC = NO;
				GCC_NO_COMMON_BLOCKS = YES;
				GCC_OPTIMIZATION_LEVEL = 0;
				GCC_PREPROCESSOR_DEFINITIONS = (
					"DEBUG=1",
					"$(inherited)",
				);
				GCC_WARN_64_TO_32_BIT_CONVERSION = YES;
				GCC_WARN_ABOUT_RETURN_TYPE = YES_ERROR;
				GCC_WARN_UNDECLARED_SELECTOR = YES;
				GCC_WARN_UNINITIALIZED_AUTOS = YES_AGGRESSIVE;
				GCC_WARN_UNUSED_FUNCTION = YES;
				GCC_WARN_UNUSED_VARIABLE = YES;
				MACOSX_DEPLOYMENT_TARGET = 12.1;
				MTL_ENABLE_DEBUG_INFO = INCLUDE_SOURCE;
				MTL_FAST_MATH = YES;
				ONLY_ACTIVE_ARCH = YES;
				SDKROOT = macosx;
				SWIFT_ACTIVE_COMPILATION_CONDITIONS = DEBUG;
				SWIFT_OPTIMIZATION_LEVEL = "-Onone";
				VERSIONING_SYSTEM = "apple-generic";
				VERSION_INFO_PREFIX = "";
			};
			name = Debug;
		};
		BB260E7E27B7121A00A089F2 /* Release */ = {
			isa = XCBuildConfiguration;
			buildSettings = {
				ALWAYS_SEARCH_USER_PATHS = NO;
				CLANG_ANALYZER_NONNULL = YES;
				CLANG_ANALYZER_NUMBER_OBJECT_CONVERSION = YES_AGGRESSIVE;
				CLANG_CXX_LANGUAGE_STANDARD = "gnu++17";
				CLANG_CXX_LIBRARY = "libc++";
				CLANG_ENABLE_MODULES = YES;
				CLANG_ENABLE_OBJC_ARC = YES;
				CLANG_ENABLE_OBJC_WEAK = YES;
				CLANG_WARN_BLOCK_CAPTURE_AUTORELEASING = YES;
				CLANG_WARN_BOOL_CONVERSION = YES;
				CLANG_WARN_COMMA = YES;
				CLANG_WARN_CONSTANT_CONVERSION = YES;
				CLANG_WARN_DEPRECATED_OBJC_IMPLEMENTATIONS = YES;
				CLANG_WARN_DIRECT_OBJC_ISA_USAGE = YES_ERROR;
				CLANG_WARN_DOCUMENTATION_COMMENTS = YES;
				CLANG_WARN_EMPTY_BODY = YES;
				CLANG_WARN_ENUM_CONVERSION = YES;
				CLANG_WARN_INFINITE_RECURSION = YES;
				CLANG_WARN_INT_CONVERSION = YES;
				CLANG_WARN_NON_LITERAL_NULL_CONVERSION = YES;
				CLANG_WARN_OBJC_IMPLICIT_RETAIN_SELF = YES;
				CLANG_WARN_OBJC_LITERAL_CONVERSION = YES;
				CLANG_WARN_OBJC_ROOT_CLASS = YES_ERROR;
				CLANG_WARN_QUOTED_INCLUDE_IN_FRAMEWORK_HEADER = YES;
				CLANG_WARN_RANGE_LOOP_ANALYSIS = YES;
				CLANG_WARN_STRICT_PROTOTYPES = YES;
				CLANG_WARN_SUSPICIOUS_MOVE = YES;
				CLANG_WARN_UNGUARDED_AVAILABILITY = YES_AGGRESSIVE;
				CLANG_WARN_UNREACHABLE_CODE = YES;
				CLANG_WARN__DUPLICATE_METHOD_MATCH = YES;
				COPY_PHASE_STRIP = NO;
				CURRENT_PROJECT_VERSION = 1;
				DEBUG_INFORMATION_FORMAT = "dwarf-with-dsym";
				ENABLE_NS_ASSERTIONS = NO;
				ENABLE_STRICT_OBJC_MSGSEND = YES;
				ENABLE_TESTING_SEARCH_PATHS = YES;
				GCC_C_LANGUAGE_STANDARD = gnu11;
				GCC_NO_COMMON_BLOCKS = YES;
				GCC_WARN_64_TO_32_BIT_CONVERSION = YES;
				GCC_WARN_ABOUT_RETURN_TYPE = YES_ERROR;
				GCC_WARN_UNDECLARED_SELECTOR = YES;
				GCC_WARN_UNINITIALIZED_AUTOS = YES_AGGRESSIVE;
				GCC_WARN_UNUSED_FUNCTION = YES;
				GCC_WARN_UNUSED_VARIABLE = YES;
				MACOSX_DEPLOYMENT_TARGET = 12.1;
				MTL_ENABLE_DEBUG_INFO = NO;
				MTL_FAST_MATH = YES;
				SDKROOT = macosx;
				SWIFT_COMPILATION_MODE = wholemodule;
				SWIFT_OPTIMIZATION_LEVEL = "-O";
				VERSIONING_SYSTEM = "apple-generic";
				VERSION_INFO_PREFIX = "";
			};
			name = Release;
		};
		BB260E8E27B7126000A089F2 /* Debug */ = {
			isa = XCBuildConfiguration;
			buildSettings = {
				CODE_SIGN_STYLE = Automatic;
				COMBINE_HIDPI_IMAGES = YES;
				CURRENT_PROJECT_VERSION = 1;
				DEFINES_MODULE = YES;
				DEVELOPMENT_TEAM = 56EQ48SVZJ;
				DYLIB_COMPATIBILITY_VERSION = 1;
				DYLIB_CURRENT_VERSION = 1;
				DYLIB_INSTALL_NAME_BASE = "@rpath";
				GENERATE_INFOPLIST_FILE = YES;
				INFOPLIST_KEY_NSHumanReadableCopyright = "";
				INSTALL_PATH = "$(LOCAL_LIBRARY_DIR)/Frameworks";
				LD_RUNPATH_SEARCH_PATHS = (
					"$(inherited)",
					"@executable_path/../Frameworks",
					"@loader_path/Frameworks",
				);
				MACOSX_DEPLOYMENT_TARGET = 12.1;
				MARKETING_VERSION = 1.0;
				PRODUCT_BUNDLE_IDENTIFIER = clean.br.eti.manoelfilho.Domain;
				PRODUCT_NAME = "$(TARGET_NAME:c99extidentifier)";
				SKIP_INSTALL = YES;
				SWIFT_EMIT_LOC_STRINGS = YES;
				SWIFT_VERSION = 5.0;
			};
			name = Debug;
		};
		BB260E8F27B7126000A089F2 /* Release */ = {
			isa = XCBuildConfiguration;
			buildSettings = {
				CODE_SIGN_STYLE = Automatic;
				COMBINE_HIDPI_IMAGES = YES;
				CURRENT_PROJECT_VERSION = 1;
				DEFINES_MODULE = YES;
				DEVELOPMENT_TEAM = 56EQ48SVZJ;
				DYLIB_COMPATIBILITY_VERSION = 1;
				DYLIB_CURRENT_VERSION = 1;
				DYLIB_INSTALL_NAME_BASE = "@rpath";
				GENERATE_INFOPLIST_FILE = YES;
				INFOPLIST_KEY_NSHumanReadableCopyright = "";
				INSTALL_PATH = "$(LOCAL_LIBRARY_DIR)/Frameworks";
				LD_RUNPATH_SEARCH_PATHS = (
					"$(inherited)",
					"@executable_path/../Frameworks",
					"@loader_path/Frameworks",
				);
				MACOSX_DEPLOYMENT_TARGET = 12.1;
				MARKETING_VERSION = 1.0;
				PRODUCT_BUNDLE_IDENTIFIER = clean.br.eti.manoelfilho.Domain;
				PRODUCT_NAME = "$(TARGET_NAME:c99extidentifier)";
				SKIP_INSTALL = YES;
				SWIFT_EMIT_LOC_STRINGS = YES;
				SWIFT_VERSION = 5.0;
			};
			name = Release;
		};
		BB260EA927B7159600A089F2 /* Debug */ = {
			isa = XCBuildConfiguration;
			buildSettings = {
				CODE_SIGN_STYLE = Automatic;
				COMBINE_HIDPI_IMAGES = YES;
				CURRENT_PROJECT_VERSION = 1;
				DEFINES_MODULE = YES;
				DEVELOPMENT_TEAM = 56EQ48SVZJ;
				DYLIB_COMPATIBILITY_VERSION = 1;
				DYLIB_CURRENT_VERSION = 1;
				DYLIB_INSTALL_NAME_BASE = "@rpath";
				GENERATE_INFOPLIST_FILE = YES;
				INFOPLIST_KEY_NSHumanReadableCopyright = "";
				INSTALL_PATH = "$(LOCAL_LIBRARY_DIR)/Frameworks";
				LD_RUNPATH_SEARCH_PATHS = (
					"$(inherited)",
					"@executable_path/../Frameworks",
					"@loader_path/Frameworks",
				);
				MACOSX_DEPLOYMENT_TARGET = 12.1;
				MARKETING_VERSION = 1.0;
				PRODUCT_BUNDLE_IDENTIFIER = clean.br.eti.manoelfilho.Data;
				PRODUCT_NAME = "$(TARGET_NAME:c99extidentifier)";
				SKIP_INSTALL = YES;
				SWIFT_EMIT_LOC_STRINGS = YES;
				SWIFT_VERSION = 5.0;
			};
			name = Debug;
		};
		BB260EAA27B7159600A089F2 /* Release */ = {
			isa = XCBuildConfiguration;
			buildSettings = {
				CODE_SIGN_STYLE = Automatic;
				COMBINE_HIDPI_IMAGES = YES;
				CURRENT_PROJECT_VERSION = 1;
				DEFINES_MODULE = YES;
				DEVELOPMENT_TEAM = 56EQ48SVZJ;
				DYLIB_COMPATIBILITY_VERSION = 1;
				DYLIB_CURRENT_VERSION = 1;
				DYLIB_INSTALL_NAME_BASE = "@rpath";
				GENERATE_INFOPLIST_FILE = YES;
				INFOPLIST_KEY_NSHumanReadableCopyright = "";
				INSTALL_PATH = "$(LOCAL_LIBRARY_DIR)/Frameworks";
				LD_RUNPATH_SEARCH_PATHS = (
					"$(inherited)",
					"@executable_path/../Frameworks",
					"@loader_path/Frameworks",
				);
				MACOSX_DEPLOYMENT_TARGET = 12.1;
				MARKETING_VERSION = 1.0;
				PRODUCT_BUNDLE_IDENTIFIER = clean.br.eti.manoelfilho.Data;
				PRODUCT_NAME = "$(TARGET_NAME:c99extidentifier)";
				SKIP_INSTALL = YES;
				SWIFT_EMIT_LOC_STRINGS = YES;
				SWIFT_VERSION = 5.0;
			};
			name = Release;
		};
		BB260EAC27B7159600A089F2 /* Debug */ = {
			isa = XCBuildConfiguration;
			buildSettings = {
				ALWAYS_EMBED_SWIFT_STANDARD_LIBRARIES = YES;
				CODE_SIGN_STYLE = Automatic;
				CURRENT_PROJECT_VERSION = 1;
				DEVELOPMENT_TEAM = 56EQ48SVZJ;
				GENERATE_INFOPLIST_FILE = YES;
				MARKETING_VERSION = 1.0;
				PRODUCT_BUNDLE_IDENTIFIER = clean.br.eti.manoelfilho.DataTests;
				PRODUCT_NAME = "$(TARGET_NAME)";
				SWIFT_EMIT_LOC_STRINGS = NO;
				SWIFT_VERSION = 5.0;
			};
			name = Debug;
		};
		BB260EAD27B7159600A089F2 /* Release */ = {
			isa = XCBuildConfiguration;
			buildSettings = {
				ALWAYS_EMBED_SWIFT_STANDARD_LIBRARIES = YES;
				CODE_SIGN_STYLE = Automatic;
				CURRENT_PROJECT_VERSION = 1;
				DEVELOPMENT_TEAM = 56EQ48SVZJ;
				GENERATE_INFOPLIST_FILE = YES;
				MARKETING_VERSION = 1.0;
				PRODUCT_BUNDLE_IDENTIFIER = clean.br.eti.manoelfilho.DataTests;
				PRODUCT_NAME = "$(TARGET_NAME)";
				SWIFT_EMIT_LOC_STRINGS = NO;
				SWIFT_VERSION = 5.0;
			};
			name = Release;
		};
		BB6D211627B94B30000AFD66 /* Debug */ = {
			isa = XCBuildConfiguration;
			buildSettings = {
				CLANG_ENABLE_MODULES = YES;
				CODE_SIGN_STYLE = Automatic;
				COMBINE_HIDPI_IMAGES = YES;
				CURRENT_PROJECT_VERSION = 1;
				DEFINES_MODULE = YES;
				DEVELOPMENT_TEAM = 56EQ48SVZJ;
				DYLIB_COMPATIBILITY_VERSION = 1;
				DYLIB_CURRENT_VERSION = 1;
				DYLIB_INSTALL_NAME_BASE = "@rpath";
				GENERATE_INFOPLIST_FILE = YES;
				INFOPLIST_KEY_NSHumanReadableCopyright = "";
				INSTALL_PATH = "$(LOCAL_LIBRARY_DIR)/Frameworks";
				LD_RUNPATH_SEARCH_PATHS = (
					"$(inherited)",
					"@executable_path/../Frameworks",
					"@loader_path/Frameworks",
				);
				MACOSX_DEPLOYMENT_TARGET = 12.1;
				MARKETING_VERSION = 1.0;
				PRODUCT_BUNDLE_IDENTIFIER = clean.br.eti.manoelfilho.Infra;
				PRODUCT_NAME = "$(TARGET_NAME:c99extidentifier)";
				SKIP_INSTALL = YES;
				SWIFT_EMIT_LOC_STRINGS = YES;
				SWIFT_OPTIMIZATION_LEVEL = "-Onone";
				SWIFT_VERSION = 5.0;
			};
			name = Debug;
		};
		BB6D211727B94B30000AFD66 /* Release */ = {
			isa = XCBuildConfiguration;
			buildSettings = {
				CLANG_ENABLE_MODULES = YES;
				CODE_SIGN_STYLE = Automatic;
				COMBINE_HIDPI_IMAGES = YES;
				CURRENT_PROJECT_VERSION = 1;
				DEFINES_MODULE = YES;
				DEVELOPMENT_TEAM = 56EQ48SVZJ;
				DYLIB_COMPATIBILITY_VERSION = 1;
				DYLIB_CURRENT_VERSION = 1;
				DYLIB_INSTALL_NAME_BASE = "@rpath";
				GENERATE_INFOPLIST_FILE = YES;
				INFOPLIST_KEY_NSHumanReadableCopyright = "";
				INSTALL_PATH = "$(LOCAL_LIBRARY_DIR)/Frameworks";
				LD_RUNPATH_SEARCH_PATHS = (
					"$(inherited)",
					"@executable_path/../Frameworks",
					"@loader_path/Frameworks",
				);
				MACOSX_DEPLOYMENT_TARGET = 12.1;
				MARKETING_VERSION = 1.0;
				PRODUCT_BUNDLE_IDENTIFIER = clean.br.eti.manoelfilho.Infra;
				PRODUCT_NAME = "$(TARGET_NAME:c99extidentifier)";
				SKIP_INSTALL = YES;
				SWIFT_EMIT_LOC_STRINGS = YES;
				SWIFT_VERSION = 5.0;
			};
			name = Release;
		};
		BB6D211927B94B30000AFD66 /* Debug */ = {
			isa = XCBuildConfiguration;
			buildSettings = {
				ALWAYS_EMBED_SWIFT_STANDARD_LIBRARIES = YES;
				CODE_SIGN_STYLE = Automatic;
				CURRENT_PROJECT_VERSION = 1;
				DEVELOPMENT_TEAM = 56EQ48SVZJ;
				GENERATE_INFOPLIST_FILE = YES;
				MARKETING_VERSION = 1.0;
				PRODUCT_BUNDLE_IDENTIFIER = clean.br.eti.manoelfilho.InfraTests;
				PRODUCT_NAME = "$(TARGET_NAME)";
				SWIFT_EMIT_LOC_STRINGS = NO;
				SWIFT_VERSION = 5.0;
			};
			name = Debug;
		};
		BB6D211A27B94B30000AFD66 /* Release */ = {
			isa = XCBuildConfiguration;
			buildSettings = {
				ALWAYS_EMBED_SWIFT_STANDARD_LIBRARIES = YES;
				CODE_SIGN_STYLE = Automatic;
				CURRENT_PROJECT_VERSION = 1;
				DEVELOPMENT_TEAM = 56EQ48SVZJ;
				GENERATE_INFOPLIST_FILE = YES;
				MARKETING_VERSION = 1.0;
				PRODUCT_BUNDLE_IDENTIFIER = clean.br.eti.manoelfilho.InfraTests;
				PRODUCT_NAME = "$(TARGET_NAME)";
				SWIFT_EMIT_LOC_STRINGS = NO;
				SWIFT_VERSION = 5.0;
			};
			name = Release;
		};
		BB8F220C27BD8C6F00F1BC29 /* Debug */ = {
			isa = XCBuildConfiguration;
			buildSettings = {
				CODE_SIGN_STYLE = Automatic;
				CURRENT_PROJECT_VERSION = 1;
				DEVELOPMENT_TEAM = 56EQ48SVZJ;
				GENERATE_INFOPLIST_FILE = YES;
				MARKETING_VERSION = 1.0;
				PRODUCT_BUNDLE_IDENTIFIER = clean.br.eti.manoelfilho.UseCasesIntegrationTests;
				PRODUCT_NAME = "$(TARGET_NAME)";
				SWIFT_EMIT_LOC_STRINGS = NO;
				SWIFT_VERSION = 5.0;
			};
			name = Debug;
		};
		BB8F220D27BD8C6F00F1BC29 /* Release */ = {
			isa = XCBuildConfiguration;
			buildSettings = {
				CODE_SIGN_STYLE = Automatic;
				CURRENT_PROJECT_VERSION = 1;
				DEVELOPMENT_TEAM = 56EQ48SVZJ;
				GENERATE_INFOPLIST_FILE = YES;
				MARKETING_VERSION = 1.0;
				PRODUCT_BUNDLE_IDENTIFIER = clean.br.eti.manoelfilho.UseCasesIntegrationTests;
				PRODUCT_NAME = "$(TARGET_NAME)";
				SWIFT_EMIT_LOC_STRINGS = NO;
				SWIFT_VERSION = 5.0;
			};
			name = Release;
		};
		BBF4C16227BDD67600032363 /* Debug */ = {
			isa = XCBuildConfiguration;
			buildSettings = {
				CODE_SIGN_STYLE = Automatic;
				COMBINE_HIDPI_IMAGES = YES;
				CURRENT_PROJECT_VERSION = 1;
				DEFINES_MODULE = YES;
				DEVELOPMENT_TEAM = 56EQ48SVZJ;
				DYLIB_COMPATIBILITY_VERSION = 1;
				DYLIB_CURRENT_VERSION = 1;
				DYLIB_INSTALL_NAME_BASE = "@rpath";
				GENERATE_INFOPLIST_FILE = YES;
				INFOPLIST_KEY_NSHumanReadableCopyright = "";
				INSTALL_PATH = "$(LOCAL_LIBRARY_DIR)/Frameworks";
				LD_RUNPATH_SEARCH_PATHS = (
					"$(inherited)",
					"@executable_path/../Frameworks",
					"@loader_path/Frameworks",
				);
				MARKETING_VERSION = 1.0;
				PRODUCT_BUNDLE_IDENTIFIER = clean.br.eti.manoelfilho.PresentationLayer;
				PRODUCT_NAME = "$(TARGET_NAME:c99extidentifier)";
				SKIP_INSTALL = YES;
				SWIFT_EMIT_LOC_STRINGS = YES;
				SWIFT_VERSION = 5.0;
			};
			name = Debug;
		};
		BBF4C16327BDD67600032363 /* Release */ = {
			isa = XCBuildConfiguration;
			buildSettings = {
				CODE_SIGN_STYLE = Automatic;
				COMBINE_HIDPI_IMAGES = YES;
				CURRENT_PROJECT_VERSION = 1;
				DEFINES_MODULE = YES;
				DEVELOPMENT_TEAM = 56EQ48SVZJ;
				DYLIB_COMPATIBILITY_VERSION = 1;
				DYLIB_CURRENT_VERSION = 1;
				DYLIB_INSTALL_NAME_BASE = "@rpath";
				GENERATE_INFOPLIST_FILE = YES;
				INFOPLIST_KEY_NSHumanReadableCopyright = "";
				INSTALL_PATH = "$(LOCAL_LIBRARY_DIR)/Frameworks";
				LD_RUNPATH_SEARCH_PATHS = (
					"$(inherited)",
					"@executable_path/../Frameworks",
					"@loader_path/Frameworks",
				);
				MARKETING_VERSION = 1.0;
				PRODUCT_BUNDLE_IDENTIFIER = clean.br.eti.manoelfilho.PresentationLayer;
				PRODUCT_NAME = "$(TARGET_NAME:c99extidentifier)";
				SKIP_INSTALL = YES;
				SWIFT_EMIT_LOC_STRINGS = YES;
				SWIFT_VERSION = 5.0;
			};
			name = Release;
		};
		BBF4C16527BDD67600032363 /* Debug */ = {
			isa = XCBuildConfiguration;
			buildSettings = {
				CODE_SIGN_STYLE = Automatic;
				CURRENT_PROJECT_VERSION = 1;
				DEVELOPMENT_TEAM = 56EQ48SVZJ;
				GENERATE_INFOPLIST_FILE = YES;
				MARKETING_VERSION = 1.0;
				PRODUCT_BUNDLE_IDENTIFIER = clean.br.eti.manoelfilho.PresentationLayerTests;
				PRODUCT_NAME = "$(TARGET_NAME)";
				SWIFT_EMIT_LOC_STRINGS = NO;
				SWIFT_VERSION = 5.0;
			};
			name = Debug;
		};
		BBF4C16627BDD67600032363 /* Release */ = {
			isa = XCBuildConfiguration;
			buildSettings = {
				CODE_SIGN_STYLE = Automatic;
				CURRENT_PROJECT_VERSION = 1;
				DEVELOPMENT_TEAM = 56EQ48SVZJ;
				GENERATE_INFOPLIST_FILE = YES;
				MARKETING_VERSION = 1.0;
				PRODUCT_BUNDLE_IDENTIFIER = clean.br.eti.manoelfilho.PresentationLayerTests;
				PRODUCT_NAME = "$(TARGET_NAME)";
				SWIFT_EMIT_LOC_STRINGS = NO;
				SWIFT_VERSION = 5.0;
			};
			name = Release;
		};
/* End XCBuildConfiguration section */

/* Begin XCConfigurationList section */
		BB260E7027B7121A00A089F2 /* Build configuration list for PBXProject "CleanApp" */ = {
			isa = XCConfigurationList;
			buildConfigurations = (
				BB260E7D27B7121A00A089F2 /* Debug */,
				BB260E7E27B7121A00A089F2 /* Release */,
			);
			defaultConfigurationIsVisible = 0;
			defaultConfigurationName = Release;
		};
		BB260E8D27B7126000A089F2 /* Build configuration list for PBXNativeTarget "Domain" */ = {
			isa = XCConfigurationList;
			buildConfigurations = (
				BB260E8E27B7126000A089F2 /* Debug */,
				BB260E8F27B7126000A089F2 /* Release */,
			);
			defaultConfigurationIsVisible = 0;
			defaultConfigurationName = Release;
		};
		BB260EA827B7159600A089F2 /* Build configuration list for PBXNativeTarget "Data" */ = {
			isa = XCConfigurationList;
			buildConfigurations = (
				BB260EA927B7159600A089F2 /* Debug */,
				BB260EAA27B7159600A089F2 /* Release */,
			);
			defaultConfigurationIsVisible = 0;
			defaultConfigurationName = Release;
		};
		BB260EAB27B7159600A089F2 /* Build configuration list for PBXNativeTarget "DataTests" */ = {
			isa = XCConfigurationList;
			buildConfigurations = (
				BB260EAC27B7159600A089F2 /* Debug */,
				BB260EAD27B7159600A089F2 /* Release */,
			);
			defaultConfigurationIsVisible = 0;
			defaultConfigurationName = Release;
		};
		BB6D211527B94B30000AFD66 /* Build configuration list for PBXNativeTarget "Infra" */ = {
			isa = XCConfigurationList;
			buildConfigurations = (
				BB6D211627B94B30000AFD66 /* Debug */,
				BB6D211727B94B30000AFD66 /* Release */,
			);
			defaultConfigurationIsVisible = 0;
			defaultConfigurationName = Release;
		};
		BB6D211827B94B30000AFD66 /* Build configuration list for PBXNativeTarget "InfraTests" */ = {
			isa = XCConfigurationList;
			buildConfigurations = (
				BB6D211927B94B30000AFD66 /* Debug */,
				BB6D211A27B94B30000AFD66 /* Release */,
			);
			defaultConfigurationIsVisible = 0;
			defaultConfigurationName = Release;
		};
		BB8F220E27BD8C6F00F1BC29 /* Build configuration list for PBXNativeTarget "UseCasesIntegrationTests" */ = {
			isa = XCConfigurationList;
			buildConfigurations = (
				BB8F220C27BD8C6F00F1BC29 /* Debug */,
				BB8F220D27BD8C6F00F1BC29 /* Release */,
			);
			defaultConfigurationIsVisible = 0;
			defaultConfigurationName = Release;
		};
		BBF4C16127BDD67600032363 /* Build configuration list for PBXNativeTarget "PresentationLayer" */ = {
			isa = XCConfigurationList;
			buildConfigurations = (
				BBF4C16227BDD67600032363 /* Debug */,
				BBF4C16327BDD67600032363 /* Release */,
			);
			defaultConfigurationIsVisible = 0;
			defaultConfigurationName = Release;
		};
		BBF4C16427BDD67600032363 /* Build configuration list for PBXNativeTarget "PresentationLayerTests" */ = {
			isa = XCConfigurationList;
			buildConfigurations = (
				BBF4C16527BDD67600032363 /* Debug */,
				BBF4C16627BDD67600032363 /* Release */,
			);
			defaultConfigurationIsVisible = 0;
			defaultConfigurationName = Release;
		};
/* End XCConfigurationList section */

/* Begin XCRemoteSwiftPackageReference section */
		BB6850F227B9F79800B2F8DF /* XCRemoteSwiftPackageReference "Alamofire" */ = {
			isa = XCRemoteSwiftPackageReference;
			repositoryURL = "https://github.com/Alamofire/Alamofire.git";
			requirement = {
				branch = master;
				kind = branch;
			};
		};
/* End XCRemoteSwiftPackageReference section */

/* Begin XCSwiftPackageProductDependency section */
		BB6850F327B9F79800B2F8DF /* Alamofire */ = {
			isa = XCSwiftPackageProductDependency;
			package = BB6850F227B9F79800B2F8DF /* XCRemoteSwiftPackageReference "Alamofire" */;
			productName = Alamofire;
		};
/* End XCSwiftPackageProductDependency section */
	};
	rootObject = BB260E6D27B7121A00A089F2 /* Project object */;
}
